{
  "name": "strubs",
  "version": "1.0.0",
  "lockfileVersion": 1,
  "requires": true,
  "dependencies": {
    "@ronomon/crypto-async": {
      "version": "3.0.1",
      "resolved": "https://registry.npmjs.org/@ronomon/crypto-async/-/crypto-async-3.0.1.tgz",
      "integrity": "sha512-5NpwiiZFU4PdzUlWVB/I1gDpnK8Mp/5cjk9zIsZZv1nM3/oPyIxsGCLvN10gW389rQu7/8kzIlMA15gHFWr6+g==",
      "requires": {
        "@ronomon/queue": "^3.0.0",
        "nan": "^2.11.0"
      }
    },
    "@ronomon/queue": {
      "version": "3.0.1",
      "resolved": "https://registry.npmjs.org/@ronomon/queue/-/queue-3.0.1.tgz",
      "integrity": "sha512-STcqSvk+c7ArMrZgYxhM92p6O6F7t0SUbGr+zm8s9fJple5EdJAMwP3dXqgdXeF95xWhBpha5kjEqNAIdI0r4w=="
    },
    "@ronomon/reed-solomon": {
      "version": "5.0.3",
      "resolved": "https://registry.npmjs.org/@ronomon/reed-solomon/-/reed-solomon-5.0.3.tgz",
      "integrity": "sha512-MvKBswMhHl4JLTfdZO8cNmxDCRwlooL+DlgLBDO3WYU2Vek8ueW9LsbA8AmqNWt35lY1tH+sPzRqwzhul6oPYw==",
      "requires": {
        "@ronomon/queue": "^3.0.0",
        "nan": "^2.10.0"
      }
    },
    "bson": {
      "version": "1.1.0",
      "resolved": "https://registry.npmjs.org/bson/-/bson-1.1.0.tgz",
      "integrity": "sha512-9Aeai9TacfNtWXOYarkFJRW2CWo+dRon+fuLZYJmvLV3+MiUp0bEI6IAZfXEIg7/Pl/7IWlLaDnhzTsD81etQA=="
    },
    "colors": {
      "version": "1.3.2",
      "resolved": "https://registry.npmjs.org/colors/-/colors-1.3.2.tgz",
      "integrity": "sha512-rhP0JSBGYvpcNQj4s5AdShMeE5ahMop96cTeDl/v9qQQm2fYClE2QXZRi8wLzc+GmXSxdIqqbOIAhyObEXDbfQ=="
    },
    "diskusage": {
      "version": "0.2.6",
      "resolved": "https://registry.npmjs.org/diskusage/-/diskusage-0.2.6.tgz",
      "integrity": "sha512-zjXy+rKg52XYNDOBXcIKwNevgP+6rvOSNx8OAX0N7o0BFdEl5sBL8UhuwSi3j5BS0Sd+9Lb6YuCSR00gZi4KQw==",
      "requires": {
        "nan": "^2.11.1"
      }
    },
    "fuse-bindings": {
      "version": "2.11.2",
      "resolved": "https://registry.npmjs.org/fuse-bindings/-/fuse-bindings-2.11.2.tgz",
      "integrity": "sha512-53gc5h3VDYY9QmFu4tFU9NgKfR51AgKGhl7Uj1EX63RDU5kiBo2ooDvBiuawlS/iyEprUnzjlcDny1N/VhWNnA==",
      "requires": {
        "nan": "^2.3.5",
        "node-gyp-build": "^3.2.2",
        "xtend": "^4.0.1"
      }
    },
    "lodash": {
      "version": "4.17.11",
      "resolved": "https://registry.npmjs.org/lodash/-/lodash-4.17.11.tgz",
      "integrity": "sha512-cQKh8igo5QUhZ7lg38DYWAxMvjSAKG0A8wGSVimP07SIUEK2UO+arSRKbRZWtelMtN5V0Hkwh5ryOto/SshYIg=="
    },
    "memory-pager": {
      "version": "1.1.0",
      "resolved": "https://registry.npmjs.org/memory-pager/-/memory-pager-1.1.0.tgz",
      "integrity": "sha512-Mf9OHV/Y7h6YWDxTzX/b4ZZ4oh9NSXblQL8dtPCOomOtZciEHxePR78+uHFLLlsk01A6jVHhHsQZZ/WcIPpnzg==",
      "optional": true
    },
    "mongodb": {
      "version": "3.1.10",
      "resolved": "https://registry.npmjs.org/mongodb/-/mongodb-3.1.10.tgz",
      "integrity": "sha512-Uml42GeFxhTGQVml1XQ4cD0o/rp7J2ROy0fdYUcVitoE7vFqEhKH4TYVqRDpQr/bXtCJVxJdNQC1ntRxNREkPQ==",
      "requires": {
        "mongodb-core": "3.1.9",
        "safe-buffer": "^5.1.2"
      }
    },
    "mongodb-core": {
      "version": "3.1.9",
      "resolved": "https://registry.npmjs.org/mongodb-core/-/mongodb-core-3.1.9.tgz",
      "integrity": "sha512-MJpciDABXMchrZphh3vMcqu8hkNf/Mi+Gk6btOimVg1XMxLXh87j6FAvRm+KmwD1A9fpu3qRQYcbQe4egj23og==",
      "requires": {
        "bson": "^1.1.0",
        "require_optional": "^1.0.1",
        "safe-buffer": "^5.1.2",
        "saslprep": "^1.0.0"
      }
    },
    "nan": {
      "version": "2.11.1",
      "resolved": "https://registry.npmjs.org/nan/-/nan-2.11.1.tgz",
      "integrity": "sha512-iji6k87OSXa0CcrLl9z+ZiYSuR2o+c0bGuNmXdrhTQTakxytAFsC56SArGYoiHlJlFoHSnvmhpceZJaXkVuOtA=="
    },
    "node-gyp-build": {
      "version": "3.7.0",
      "resolved": "https://registry.npmjs.org/node-gyp-build/-/node-gyp-build-3.7.0.tgz",
      "integrity": "sha512-L/Eg02Epx6Si2NXmedx+Okg+4UHqmaf3TNcxd50SF9NQGcJaON3AtU++kax69XV7YWz4tUspqZSAsVofhFKG2w=="
    },
    "require_optional": {
      "version": "1.0.1",
      "resolved": "https://registry.npmjs.org/require_optional/-/require_optional-1.0.1.tgz",
      "integrity": "sha512-qhM/y57enGWHAe3v/NcwML6a3/vfESLe/sGM2dII+gEO0BpKRUkWZow/tyloNqJyN6kXSl3RyyM8Ll5D/sJP8g==",
      "requires": {
        "resolve-from": "^2.0.0",
        "semver": "^5.1.0"
      }
    },
    "resolve-from": {
      "version": "2.0.0",
      "resolved": "https://registry.npmjs.org/resolve-from/-/resolve-from-2.0.0.tgz",
      "integrity": "sha1-lICrIOlP+h2egKgEx+oUdhGWa1c="
    },
    "safe-buffer": {
      "version": "5.1.2",
      "resolved": "https://registry.npmjs.org/safe-buffer/-/safe-buffer-5.1.2.tgz",
      "integrity": "sha512-Gd2UZBJDkXlY7GbJxfsE8/nvKkUEU1G38c1siN6QP6a9PT9MmHB8GnpscSmMJSoF8LOIrt8ud/wPtojys4G6+g=="
    },
    "saslprep": {
      "version": "1.0.2",
      "resolved": "https://registry.npmjs.org/saslprep/-/saslprep-1.0.2.tgz",
      "integrity": "sha512-4cDsYuAjXssUSjxHKRe4DTZC0agDwsCqcMqtJAQPzC74nJ7LfAJflAtC1Zed5hMzEQKj82d3tuzqdGNRsLJ4Gw==",
      "optional": true,
      "requires": {
        "sparse-bitfield": "^3.0.3"
      }
    },
    "semver": {
      "version": "5.6.0",
      "resolved": "https://registry.npmjs.org/semver/-/semver-5.6.0.tgz",
      "integrity": "sha512-RS9R6R35NYgQn++fkDWaOmqGoj4Ek9gGs+DPxNUZKuwE183xjJroKvyo1IzVFeXvUrvmALy6FWD5xrdJT25gMg=="
    },
    "sparse-bitfield": {
      "version": "3.0.3",
      "resolved": "https://registry.npmjs.org/sparse-bitfield/-/sparse-bitfield-3.0.3.tgz",
      "integrity": "sha1-/0rm5oZWBWuks+eSqzM004JzyhE=",
      "optional": true,
      "requires": {
        "memory-pager": "^1.0.2"
      }
    },
    "uuid": {
      "version": "3.3.2",
      "resolved": "https://registry.npmjs.org/uuid/-/uuid-3.3.2.tgz",
      "integrity": "sha512-yXJmeNaw3DnnKAOKJE51sL/ZaYfWJRl1pK9dr19YFCu0ObS231AB1/LbqTKRAQ5kw8A90rA6fr4riOUpTZvQZA=="
    },
    "xtend": {
      "version": "4.0.1",
      "resolved": "https://registry.npmjs.org/xtend/-/xtend-4.0.1.tgz",
      "integrity": "sha1-pcbVMr5lbiPbgg77lDofBJmNY68="
    }
  }
}
